# THIS IS AN AUTOGENERATED FILE. DO NOT EDIT THIS FILE DIRECTLY.
# yarn lockfile v1


"jquey@^0.0.1-security":
  "integrity" "sha512-VFbXpLat/1mGSeNrVxbWJ3XftyaV8jccwOYnbUSoXJipj2wftpUC1F+vxLJke9R9CdlMOyPUUms16oJ42ivoIA=="
  "resolved" "https://registry.npmjs.org/jquey/-/jquey-0.0.1-security.tgz"
  "version" "0.0.1-security"
